
Microsoft Visual Studio Solution File, Format Version 12.00
# Visual Studio 15
VisualStudioVersion = 15.0.28307.329
MinimumVisualStudioVersion = 10.0.40219.1
Project("{2150E333-8FDC-42A3-9474-1A3956D46DE8}") = "DAL", "DAL", "{44B5DF30-6720-43B9-9EFC-B0A712DCF843}"
EndProject
Project("{9A19103F-16F7-4668-BE54-9A1E7A4F7556}") = "Domain", "Domain\Domain.csproj", "{4D5DA1CB-34D4-4E59-99FE-A44493479A60}"
EndProject
Global
	GlobalSection(SolutionConfigurationPlatforms) = preSolution
		Debug|Any CPU = Debug|Any CPU
		Release|Any CPU = Release|Any CPU
	EndGlobalSection
	GlobalSection(ProjectConfigurationPlatforms) = postSolution
		{4D5DA1CB-34D4-4E59-99FE-A44493479A60}.Debug|Any CPU.ActiveCfg = Debug|Any CPU
		{4D5DA1CB-34D4-4E59-99FE-A44493479A60}.Debug|Any CPU.Build.0 = Debug|Any CPU
		{4D5DA1CB-34D4-4E59-99FE-A44493479A60}.Release|Any CPU.ActiveCfg = Release|Any CPU
		{4D5DA1CB-34D4-4E59-99FE-A44493479A60}.Release|Any CPU.Build.0 = Release|Any CPU
	EndGlobalSection
	GlobalSection(SolutionProperties) = preSolution
		HideSolutionNode = FALSE
	EndGlobalSection
	GlobalSection(NestedProjects) = preSolution
		{4D5DA1CB-34D4-4E59-99FE-A44493479A60} = {44B5DF30-6720-43B9-9EFC-B0A712DCF843}
	EndGlobalSection
	GlobalSection(ExtensibilityGlobals) = postSolution
		SolutionGuid = {40BB911F-BA32-4C01-A1F2-8445F1108E5F}
	EndGlobalSection
EndGlobal
